<?xml version="1.0" encoding="utf-8"?>
<Project ToolsVersion="4.0" xmlns="http://schemas.microsoft.com/developer/msbuild/2003">
  <ItemGroup>
    <Filter Include="Resource Files">
      <UniqueIdentifier>{67DA6AB6-F800-4c08-8B7A-83BB121AAD01}</UniqueIdentifier>
      <Extensions>rc;ico;cur;bmp;dlg;rc2;rct;bin;rgs;gif;jpg;jpeg;jpe;resx;tiff;tif;png;wav;mfcribbon-ms</Extensions>
    </Filter>
    <Filter Include="network">
      <UniqueIdentifier>{2b07a2b4-e834-40a7-9717-99493ccbe4e1}</UniqueIdentifier>
    </Filter>
    <Filter Include="logic">
      <UniqueIdentifier>{99ca0457-1657-4b16-8647-47725c76f8d0}</UniqueIdentifier>
    </Filter>
    <Filter Include="render">
      <UniqueIdentifier>{fd9c80fd-c754-4041-a963-7f2a6a6047f6}</UniqueIdentifier>
    </Filter>
    <Filter Include="app">
      <UniqueIdentifier>{8481fa20-e79c-4493-b007-ae11f6ca3c28}</UniqueIdentifier>
    </Filter>
    <Filter Include="common">
      <UniqueIdentifier>{fa2ab05e-6c5b-4a32-9688-1dfab07227af}</UniqueIdentifier>
    </Filter>
    <Filter Include="Diaolgs">
      <UniqueIdentifier>{f2fb1dcf-9466-44ec-a9f1-c8918346dd51}</UniqueIdentifier>
    </Filter>
  </ItemGroup>
  <ItemGroup>
    <ClCompile Include="connection_manager.cpp">
      <Filter>network</Filter>
    </ClCompile>
    <ClCompile Include="json_query_builder.cpp">
      <Filter>network</Filter>
    </ClCompile>
    <ClCompile Include="skybox.cpp">
      <Filter>render</Filter>
    </ClCompile>
    <ClCompile Include="space.cpp">
      <Filter>logic</Filter>
    </ClCompile>
    <ClCompile Include="scene_manager.cpp">
      <Filter>logic</Filter>
    </ClCompile>
    <ClCompile Include="log.cpp">
      <Filter>app</Filter>
    </ClCompile>
    <ClCompile Include="main.cpp">
      <Filter>app</Filter>
    </ClCompile>
    <ClCompile Include="space_renderer.cpp">
      <Filter>logic</Filter>
    </ClCompile>
    <ClCompile Include="app_manager.cpp">
      <Filter>logic</Filter>
    </ClCompile>
    <ClCompile Include="window_manager.cpp">
      <Filter>app</Filter>
    </ClCompile>
    <ClCompile Include="connection_dlg.cpp">
      <Filter>Diaolgs</Filter>
    </ClCompile>
    <ClCompile Include="SelectGameDlg.cpp" />
  </ItemGroup>
  <ItemGroup>
    <ClInclude Include="connection_manager.h">
      <Filter>network</Filter>
    </ClInclude>
    <ClInclude Include="json_query_builder.h">
      <Filter>network</Filter>
    </ClInclude>
    <ClInclude Include="skybox.h">
      <Filter>render</Filter>
    </ClInclude>
    <ClInclude Include="space.h">
      <Filter>logic</Filter>
    </ClInclude>
    <ClInclude Include="scene_manager.h">
      <Filter>logic</Filter>
    </ClInclude>
    <ClInclude Include="log.h">
      <Filter>app</Filter>
    </ClInclude>
    <ClInclude Include="defs.hpp">
      <Filter>app</Filter>
    </ClInclude>
    <ClInclude Include="app_manager.h">
      <Filter>logic</Filter>
    </ClInclude>
    <ClInclude Include="space_renderer.h">
      <Filter>logic</Filter>
    </ClInclude>
    <ClInclude Include="window_manager.h">
      <Filter>app</Filter>
    </ClInclude>
    <ClInclude Include="..\common\message_interface.h">
      <Filter>common</Filter>
    </ClInclude>
    <ClInclude Include="..\common\log_interface.h">
      <Filter>common</Filter>
    </ClInclude>
    <ClInclude Include="connection_dlg.h">
      <Filter>Diaolgs</Filter>
    </ClInclude>
    <ClInclude Include="resource1.h" />
    <ClInclude Include="SelectGameDlg.h" />
    <ClInclude Include="stdafx.h" />
    <ClInclude Include="resource.h" />
  </ItemGroup>
  <ItemGroup>
    <ResourceCompile Include="TrainObserver.rc">
      <Filter>Resource Files</Filter>
    </ResourceCompile>
  </ItemGroup>
  <ItemGroup>
    <Image Include="res\TrainObserver.ico">
      <Filter>Resource Files</Filter>
    </Image>
  </ItemGroup>
</Project>