<?xml version="1.0" encoding="utf-8"?>
<Project ToolsVersion="4.0" xmlns="http://schemas.microsoft.com/developer/msbuild/2003">
  <ItemGroup>
    <Filter Include="Resource Files">
      <UniqueIdentifier>{67DA6AB6-F800-4c08-8B7A-83BB121AAD01}</UniqueIdentifier>
      <Extensions>rc;ico;cur;bmp;dlg;rc2;rct;bin;rgs;gif;jpg;jpeg;jpe;resx;tiff;tif;png;wav;mfcribbon-ms</Extensions>
    </Filter>
    <Filter Include="math">
      <UniqueIdentifier>{0969add9-937e-45e9-a381-58dba1abf728}</UniqueIdentifier>
    </Filter>
    <Filter Include="network">
      <UniqueIdentifier>{2b07a2b4-e834-40a7-9717-99493ccbe4e1}</UniqueIdentifier>
    </Filter>
    <Filter Include="render_core">
      <UniqueIdentifier>{1dd45f78-e097-4c00-9116-cf58e81fbcf8}</UniqueIdentifier>
    </Filter>
    <Filter Include="logic">
      <UniqueIdentifier>{99ca0457-1657-4b16-8647-47725c76f8d0}</UniqueIdentifier>
    </Filter>
    <Filter Include="render">
      <UniqueIdentifier>{fd9c80fd-c754-4041-a963-7f2a6a6047f6}</UniqueIdentifier>
    </Filter>
    <Filter Include="app">
      <UniqueIdentifier>{8481fa20-e79c-4493-b007-ae11f6ca3c28}</UniqueIdentifier>
    </Filter>
    <Filter Include="render\primitives">
      <UniqueIdentifier>{095b5164-ebbf-46a4-9a6c-0d9f9aaddac0}</UniqueIdentifier>
    </Filter>
    <Filter Include="render\shaders">
      <UniqueIdentifier>{0f021691-da3b-4b2e-8717-164007d785eb}</UniqueIdentifier>
    </Filter>
    <Filter Include="fileformats">
      <UniqueIdentifier>{a77dd152-bc92-4967-a07c-26ce1c333eec}</UniqueIdentifier>
    </Filter>
  </ItemGroup>
  <ItemGroup>
    <ClCompile Include="math\Matrix.cpp">
      <Filter>math</Filter>
    </ClCompile>
    <ClCompile Include="math\Vector3.cpp">
      <Filter>math</Filter>
    </ClCompile>
    <ClCompile Include="math\RGB.cpp">
      <Filter>math</Filter>
    </ClCompile>
    <ClCompile Include="render_dx9.cpp">
      <Filter>render_core</Filter>
    </ClCompile>
    <ClCompile Include="connection_manager.cpp">
      <Filter>network</Filter>
    </ClCompile>
    <ClCompile Include="json_query_builder.cpp">
      <Filter>network</Filter>
    </ClCompile>
    <ClCompile Include="camera.cpp">
      <Filter>render_core</Filter>
    </ClCompile>
    <ClCompile Include="window_manager.cpp">
      <Filter>render_core</Filter>
    </ClCompile>
    <ClCompile Include="skybox.cpp">
      <Filter>render</Filter>
    </ClCompile>
    <ClCompile Include="space.cpp">
      <Filter>logic</Filter>
    </ClCompile>
    <ClCompile Include="scene_manager.cpp">
      <Filter>logic</Filter>
    </ClCompile>
    <ClCompile Include="log.cpp">
      <Filter>app</Filter>
    </ClCompile>
    <ClCompile Include="main.cpp">
      <Filter>app</Filter>
    </ClCompile>
    <ClCompile Include="effect.cpp">
      <Filter>render_core</Filter>
    </ClCompile>
    <ClCompile Include="geometry.cpp">
      <Filter>render\primitives</Filter>
    </ClCompile>
    <ClCompile Include="box.cpp">
      <Filter>render\primitives</Filter>
    </ClCompile>
    <ClCompile Include="model.cpp">
      <Filter>render\primitives</Filter>
    </ClCompile>
    <ClCompile Include="space_renderer.cpp">
      <Filter>logic</Filter>
    </ClCompile>
    <ClCompile Include="app_manager.cpp">
      <Filter>logic</Filter>
    </ClCompile>
    <ClCompile Include="texture_manager.cpp">
      <Filter>render_core</Filter>
    </ClCompile>
    <ClCompile Include="fileformats\tiny_obj_loader.cc">
      <Filter>fileformats</Filter>
    </ClCompile>
    <ClCompile Include="geometry_utils.cpp">
      <Filter>render\primitives</Filter>
    </ClCompile>
    <ClCompile Include="resource_manager.cpp">
      <Filter>render_core</Filter>
    </ClCompile>
    <ClCompile Include="render_target.cpp">
      <Filter>render_core</Filter>
    </ClCompile>
    <ClCompile Include="supersampler.cpp">
      <Filter>render_core</Filter>
    </ClCompile>
    <ClCompile Include="quad.cpp">
      <Filter>render\primitives</Filter>
    </ClCompile>
  </ItemGroup>
  <ItemGroup>
    <ClInclude Include="math\ext_math.h">
      <Filter>math</Filter>
    </ClInclude>
    <ClInclude Include="math\Matrix.h">
      <Filter>math</Filter>
    </ClInclude>
    <ClInclude Include="math\SimpleMath.h">
      <Filter>math</Filter>
    </ClInclude>
    <ClInclude Include="math\Vector3.h">
      <Filter>math</Filter>
    </ClInclude>
    <ClInclude Include="math\Vector4.h">
      <Filter>math</Filter>
    </ClInclude>
    <ClInclude Include="math\RGB.h">
      <Filter>math</Filter>
    </ClInclude>
    <ClInclude Include="render_dx9.h">
      <Filter>render_core</Filter>
    </ClInclude>
    <ClInclude Include="render_interface.h">
      <Filter>render_core</Filter>
    </ClInclude>
    <ClInclude Include="connection_manager.h">
      <Filter>network</Filter>
    </ClInclude>
    <ClInclude Include="json_query_builder.h">
      <Filter>network</Filter>
    </ClInclude>
    <ClInclude Include="math\defs.h">
      <Filter>math</Filter>
    </ClInclude>
    <ClInclude Include="camera.h">
      <Filter>render_core</Filter>
    </ClInclude>
    <ClInclude Include="window_manager.h">
      <Filter>render_core</Filter>
    </ClInclude>
    <ClInclude Include="skybox.h">
      <Filter>render</Filter>
    </ClInclude>
    <ClInclude Include="space.h">
      <Filter>logic</Filter>
    </ClInclude>
    <ClInclude Include="scene_manager.h">
      <Filter>logic</Filter>
    </ClInclude>
    <ClInclude Include="log.h">
      <Filter>app</Filter>
    </ClInclude>
    <ClInclude Include="defs.hpp">
      <Filter>app</Filter>
    </ClInclude>
    <ClInclude Include="vertex_formats.h">
      <Filter>render</Filter>
    </ClInclude>
    <ClInclude Include="effect.h">
      <Filter>render_core</Filter>
    </ClInclude>
    <ClInclude Include="geometry.h">
      <Filter>render\primitives</Filter>
    </ClInclude>
    <ClInclude Include="box.h">
      <Filter>render\primitives</Filter>
    </ClInclude>
    <ClInclude Include="model.h">
      <Filter>render\primitives</Filter>
    </ClInclude>
    <ClInclude Include="app_manager.h">
      <Filter>logic</Filter>
    </ClInclude>
    <ClInclude Include="space_renderer.h">
      <Filter>logic</Filter>
    </ClInclude>
    <ClInclude Include="texture_manager.h">
      <Filter>render_core</Filter>
    </ClInclude>
    <ClInclude Include="fileformats\tiny_obj_loader.h">
      <Filter>fileformats</Filter>
    </ClInclude>
    <ClInclude Include="file_loader.h">
      <Filter>fileformats</Filter>
    </ClInclude>
    <ClInclude Include="geometry_utils.h">
      <Filter>render\primitives</Filter>
    </ClInclude>
    <ClInclude Include="resource_manager.h">
      <Filter>render_core</Filter>
    </ClInclude>
    <ClInclude Include="render_target.h">
      <Filter>render_core</Filter>
    </ClInclude>
    <ClInclude Include="supersampler.h">
      <Filter>render_core</Filter>
    </ClInclude>
    <ClInclude Include="quad.h">
      <Filter>render\primitives</Filter>
    </ClInclude>
  </ItemGroup>
  <ItemGroup>
    <None Include="math\Vector3.ipp">
      <Filter>math</Filter>
    </None>
    <None Include="math\Vector4.ipp">
      <Filter>math</Filter>
    </None>
    <None Include="math\Matrix.ipp">
      <Filter>math</Filter>
    </None>
    <None Include="packages.config" />
  </ItemGroup>
  <ItemGroup>
    <FxCompile Include="shaders\common.fxh">
      <Filter>render\shaders</Filter>
    </FxCompile>
    <FxCompile Include="shaders\lightonly.fx">
      <Filter>render\shaders</Filter>
    </FxCompile>
    <FxCompile Include="shaders\normalmap.fx">
      <Filter>render\shaders</Filter>
    </FxCompile>
    <FxCompile Include="shaders\bb_copy.fx">
      <Filter>render\shaders</Filter>
    </FxCompile>
  </ItemGroup>
</Project>